// !$*UTF8*$!
{
	archiveVersion = 1;
	classes = {
	};
	objectVersion = 51;
	objects = {

/* Begin PBXBuildFile section */
		28119F2A2209996EA20F930A /* Pods_Voronoi.framework in Frameworks */ = {isa = PBXBuildFile; fileRef = E003E01B7849EB103EB3F8AE /* Pods_Voronoi.framework */; };
		B13E7BFA2E4482413EAC0FAA /* Pods_CardsNavigation.framework in Frameworks */ = {isa = PBXBuildFile; fileRef = 9C222B09E66B35568171264C /* Pods_CardsNavigation.framework */; };
		CF407927ED708239936B43E1 /* Pods_Liquid.framework in Frameworks */ = {isa = PBXBuildFile; fileRef = B753033753DAD0E7930D2EDB /* Pods_Liquid.framework */; };
		E3222E6FD8BB9DBF289D3349 /* Pods_Liquid_LiquidTransitionTests.framework in Frameworks */ = {isa = PBXBuildFile; fileRef = 86A964C539ADE44A0BAE80D2 /* Pods_Liquid_LiquidTransitionTests.framework */; };
		FA0B4F63215F520D00C18F26 /* Polygon.swift in Sources */ = {isa = PBXBuildFile; fileRef = FA0B4F62215F520D00C18F26 /* Polygon.swift */; };
		FA0B4F652161FF8A00C18F26 /* BrokenViewTransition.swift in Sources */ = {isa = PBXBuildFile; fileRef = FA0B4F642161FF8A00C18F26 /* BrokenViewTransition.swift */; };
		FA0B4F6A2162BA4700C18F26 /* TestBrokenAnimationController.swift in Sources */ = {isa = PBXBuildFile; fileRef = FA0B4F692162BA4700C18F26 /* TestBrokenAnimationController.swift */; };
		FA1587C8234732010058DC46 /* UserDetailController.swift in Sources */ = {isa = PBXBuildFile; fileRef = FA1587C7234732010058DC46 /* UserDetailController.swift */; };
		FA1587CC234736790058DC46 /* GithubUser.swift in Sources */ = {isa = PBXBuildFile; fileRef = FA1587CB234736790058DC46 /* GithubUser.swift */; };
		FA1587CE234737BC0058DC46 /* GithubAPIService.swift in Sources */ = {isa = PBXBuildFile; fileRef = FA1587CD234737BC0058DC46 /* GithubAPIService.swift */; };
		FA1587D023473F480058DC46 /* GithubAPIService+UIImageView.swift in Sources */ = {isa = PBXBuildFile; fileRef = FA1587CF23473F480058DC46 /* GithubAPIService+UIImageView.swift */; };
		FA1DA67721851E60004B4DD2 /* FadeTransition.swift in Sources */ = {isa = PBXBuildFile; fileRef = FA1DA67621851E60004B4DD2 /* FadeTransition.swift */; };
		FA2B5D8D2128B43C00B38B1C /* CardCells.swift in Sources */ = {isa = PBXBuildFile; fileRef = FA2B5D8C2128B43C00B38B1C /* CardCells.swift */; };
		FA2B5D922128BAAB00B38B1C /* Extensions.swift in Sources */ = {isa = PBXBuildFile; fileRef = FA2B5D912128BAAB00B38B1C /* Extensions.swift */; };
		FA2B5D962128BBCD00B38B1C /* GlobalFunctions.swift in Sources */ = {isa = PBXBuildFile; fileRef = FA2B5D952128BBCD00B38B1C /* GlobalFunctions.swift */; };
		FA2B7513218AEA420065845C /* LiquidTransitionTests.swift in Sources */ = {isa = PBXBuildFile; fileRef = FA2B7512218AEA420065845C /* LiquidTransitionTests.swift */; };
		FA6203E1216E9CFE002EFE71 /* Liquid.h in Headers */ = {isa = PBXBuildFile; fileRef = FA6203DF216E9CFE002EFE71 /* Liquid.h */; settings = {ATTRIBUTES = (Public, ); }; };
		FA6203E4216E9CFE002EFE71 /* Liquid.framework in Frameworks */ = {isa = PBXBuildFile; fileRef = FA6203DD216E9CFE002EFE71 /* Liquid.framework */; };
		FA6203E5216E9CFE002EFE71 /* Liquid.framework in Embed Frameworks */ = {isa = PBXBuildFile; fileRef = FA6203DD216E9CFE002EFE71 /* Liquid.framework */; settings = {ATTRIBUTES = (CodeSignOnCopy, RemoveHeadersOnCopy, ); }; };
		FA6203E9216E9D1F002EFE71 /* RuntimeHelper.swift in Sources */ = {isa = PBXBuildFile; fileRef = FA94878C2135F5ED00DAE280 /* RuntimeHelper.swift */; };
		FA6203EA216E9D1F002EFE71 /* DisplayLinkAnimator.swift in Sources */ = {isa = PBXBuildFile; fileRef = FA4A2EA3212B2594003E414C /* DisplayLinkAnimator.swift */; };
		FA6203EB216E9D1F002EFE71 /* Animator.swift in Sources */ = {isa = PBXBuildFile; fileRef = FA4A2EA1212B2060003E414C /* Animator.swift */; };
		FA6203EC216E9D1F002EFE71 /* Timing.swift in Sources */ = {isa = PBXBuildFile; fileRef = FAAB21DB214630C500AAFF48 /* Timing.swift */; };
		FA6203ED216E9D1F002EFE71 /* SmoothInteractive.swift in Sources */ = {isa = PBXBuildFile; fileRef = FAAF4556216567200032C2A9 /* SmoothInteractive.swift */; };
		FA6203EE216E9D1F002EFE71 /* LiquidTransition.swift in Sources */ = {isa = PBXBuildFile; fileRef = FA1E8160212D3383001DA432 /* LiquidTransition.swift */; };
		FA6203EF216E9D1F002EFE71 /* TransitionRestorer.swift in Sources */ = {isa = PBXBuildFile; fileRef = FA2B5D932128BAED00B38B1C /* TransitionRestorer.swift */; };
		FA6203F0216E9D1F002EFE71 /* PercentAnimator.swift in Sources */ = {isa = PBXBuildFile; fileRef = FA1E8162212D44E3001DA432 /* PercentAnimator.swift */; };
		FA92B848216870750095C126 /* PhotosDetailViewController.swift in Sources */ = {isa = PBXBuildFile; fileRef = FA92B847216870750095C126 /* PhotosDetailViewController.swift */; };
		FA92B84A216870D10095C126 /* PhotoPreviewController.swift in Sources */ = {isa = PBXBuildFile; fileRef = FA92B849216870D10095C126 /* PhotoPreviewController.swift */; };
		FA92B84E216878870095C126 /* UIImage+Ex.swift in Sources */ = {isa = PBXBuildFile; fileRef = FA92B84D216878870095C126 /* UIImage+Ex.swift */; };
		FA92B85121687E6C0095C126 /* Assets.xcassets in Resources */ = {isa = PBXBuildFile; fileRef = FA92B85021687E6C0095C126 /* Assets.xcassets */; };
		FA94878B2135F23400DAE280 /* CardTransition.swift in Sources */ = {isa = PBXBuildFile; fileRef = FA94878A2135F23400DAE280 /* CardTransition.swift */; };
		FA95E094235D00D800B023AD /* TransitionExampleVC.swift in Sources */ = {isa = PBXBuildFile; fileRef = FA95E093235D00D800B023AD /* TransitionExampleVC.swift */; };
		FA95E096235D01CA00B023AD /* TransitionLibTransition.swift in Sources */ = {isa = PBXBuildFile; fileRef = FA95E095235D01CA00B023AD /* TransitionLibTransition.swift */; };
		FAAE26C6211A1A430047CECD /* AppDelegate.swift in Sources */ = {isa = PBXBuildFile; fileRef = FAAE26C5211A1A430047CECD /* AppDelegate.swift */; };
		FAAE26CB211A1A430047CECD /* Main.storyboard in Resources */ = {isa = PBXBuildFile; fileRef = FAAE26C9211A1A430047CECD /* Main.storyboard */; };
		FAAE26D0211A1A450047CECD /* LaunchScreen.storyboard in Resources */ = {isa = PBXBuildFile; fileRef = FAAE26CE211A1A450047CECD /* LaunchScreen.storyboard */; };
		FAAE26DA211A1A790047CECD /* CenteredCollectionViewFlowLayout.swift in Sources */ = {isa = PBXBuildFile; fileRef = FAAE26D9211A1A790047CECD /* CenteredCollectionViewFlowLayout.swift */; };
		FAAE26DC211A1D430047CECD /* WebViewController.swift in Sources */ = {isa = PBXBuildFile; fileRef = FAAE26DB211A1D430047CECD /* WebViewController.swift */; };
		FAAE26DE211A1E000047CECD /* WebViewController.xib in Resources */ = {isa = PBXBuildFile; fileRef = FAAE26DD211A1E000047CECD /* WebViewController.xib */; };
		FAAE26E0211A1E9B0047CECD /* CardsNavigationController.swift in Sources */ = {isa = PBXBuildFile; fileRef = FAAE26DF211A1E9B0047CECD /* CardsNavigationController.swift */; };
		FAAE26E2211A46E60047CECD /* GradientView.swift in Sources */ = {isa = PBXBuildFile; fileRef = FAAE26E1211A46E60047CECD /* GradientView.swift */; };
		FAAE26E5211A48540047CECD /* WebKit.framework in Frameworks */ = {isa = PBXBuildFile; fileRef = FAAE26E4211A48540047CECD /* WebKit.framework */; };
		FAAE26E7211B6EC80047CECD /* UIView+Ex.swift in Sources */ = {isa = PBXBuildFile; fileRef = FAAE26E6211B6EC80047CECD /* UIView+Ex.swift */; };
		FAAE26EB211B7AF70047CECD /* CardInfo.swift in Sources */ = {isa = PBXBuildFile; fileRef = FAAE26EA211B7AF70047CECD /* CardInfo.swift */; };
		FAAF455B2165FA890032C2A9 /* PhotosViewController.swift in Sources */ = {isa = PBXBuildFile; fileRef = FAAF455A2165FA890032C2A9 /* PhotosViewController.swift */; };
		FAAF455D2165FAB50032C2A9 /* PhotoCell.swift in Sources */ = {isa = PBXBuildFile; fileRef = FAAF455C2165FAB50032C2A9 /* PhotoCell.swift */; };
		FAAF45622166BE130032C2A9 /* PhotoInfo.swift in Sources */ = {isa = PBXBuildFile; fileRef = FAAF45612166BE130032C2A9 /* PhotoInfo.swift */; };
		FAAF4569216740490032C2A9 /* ThumbCaches.swift in Sources */ = {isa = PBXBuildFile; fileRef = FAAF4568216740490032C2A9 /* ThumbCaches.swift */; };
		FAC2F6F121558F47003B3E0A /* Voronoi.h in Headers */ = {isa = PBXBuildFile; fileRef = FAC2F6EF21558F47003B3E0A /* Voronoi.h */; settings = {ATTRIBUTES = (Public, ); }; };
		FAC2F6F421558F47003B3E0A /* Voronoi.framework in Frameworks */ = {isa = PBXBuildFile; fileRef = FAC2F6ED21558F47003B3E0A /* Voronoi.framework */; };
		FAC2F6F521558F47003B3E0A /* Voronoi.framework in Embed Frameworks */ = {isa = PBXBuildFile; fileRef = FAC2F6ED21558F47003B3E0A /* Voronoi.framework */; settings = {ATTRIBUTES = (CodeSignOnCopy, RemoveHeadersOnCopy, ); }; };
		FAC2F70021558F60003B3E0A /* Parabola.swift in Sources */ = {isa = PBXBuildFile; fileRef = FAC2F6FA21558F60003B3E0A /* Parabola.swift */; };
		FAC2F70121558F60003B3E0A /* Edge.swift in Sources */ = {isa = PBXBuildFile; fileRef = FAC2F6FB21558F60003B3E0A /* Edge.swift */; };
		FAC2F70221558F60003B3E0A /* PriorityQueue.swift in Sources */ = {isa = PBXBuildFile; fileRef = FAC2F6FC21558F60003B3E0A /* PriorityQueue.swift */; };
		FAC2F70321558F60003B3E0A /* Point.swift in Sources */ = {isa = PBXBuildFile; fileRef = FAC2F6FD21558F60003B3E0A /* Point.swift */; };
		FAC2F70421558F60003B3E0A /* Event.swift in Sources */ = {isa = PBXBuildFile; fileRef = FAC2F6FE21558F60003B3E0A /* Event.swift */; };
		FAC2F70521558F60003B3E0A /* Voronoi.swift in Sources */ = {isa = PBXBuildFile; fileRef = FAC2F6FF21558F60003B3E0A /* Voronoi.swift */; };
		FAEB331E2175305100F61B5C /* PhotoOpenTransition.swift in Sources */ = {isa = PBXBuildFile; fileRef = FAEB331D2175305100F61B5C /* PhotoOpenTransition.swift */; };
		FAF1BA5D265ADDA3001D2193 /* UserCell.swift in Sources */ = {isa = PBXBuildFile; fileRef = FAF1BA5C265ADDA3001D2193 /* UserCell.swift */; };
		FAF1BA7D265AEA2A001D2193 /* RootController.swift in Sources */ = {isa = PBXBuildFile; fileRef = FAF1BA7C265AEA2A001D2193 /* RootController.swift */; };
		FAF1BA85265B5D1D001D2193 /* UserPopupController.swift in Sources */ = {isa = PBXBuildFile; fileRef = FAF1BA84265B5D1D001D2193 /* UserPopupController.swift */; };
		FAF1BA8A265B87DE001D2193 /* UserCardTransition.swift in Sources */ = {isa = PBXBuildFile; fileRef = FAF1BA89265B87DE001D2193 /* UserCardTransition.swift */; };
		FAF1BA91265B9B3B001D2193 /* BezierHelpers.swift in Sources */ = {isa = PBXBuildFile; fileRef = FAF1BA90265B9B3B001D2193 /* BezierHelpers.swift */; };
/* End PBXBuildFile section */

/* Begin PBXContainerItemProxy section */
		FA2B751A218AEC520065845C /* PBXContainerItemProxy */ = {
			isa = PBXContainerItemProxy;
			containerPortal = FAAE26BA211A1A430047CECD /* Project object */;
			proxyType = 1;
			remoteGlobalIDString = FA6203DC216E9CFE002EFE71;
			remoteInfo = Liquid;
		};
		FA6203E2216E9CFE002EFE71 /* PBXContainerItemProxy */ = {
			isa = PBXContainerItemProxy;
			containerPortal = FAAE26BA211A1A430047CECD /* Project object */;
			proxyType = 1;
			remoteGlobalIDString = FA6203DC216E9CFE002EFE71;
			remoteInfo = Liquid;
		};
		FAC2F6F221558F47003B3E0A /* PBXContainerItemProxy */ = {
			isa = PBXContainerItemProxy;
			containerPortal = FAAE26BA211A1A430047CECD /* Project object */;
			proxyType = 1;
			remoteGlobalIDString = FAC2F6EC21558F47003B3E0A;
			remoteInfo = Voronoi;
		};
/* End PBXContainerItemProxy section */

/* Begin PBXCopyFilesBuildPhase section */
		FAC2F6F921558F47003B3E0A /* Embed Frameworks */ = {
			isa = PBXCopyFilesBuildPhase;
			buildActionMask = 2147483647;
			dstPath = "";
			dstSubfolderSpec = 10;
			files = (
				FA6203E5216E9CFE002EFE71 /* Liquid.framework in Embed Frameworks */,
				FAC2F6F521558F47003B3E0A /* Voronoi.framework in Embed Frameworks */,
			);
			name = "Embed Frameworks";
			runOnlyForDeploymentPostprocessing = 0;
		};
/* End PBXCopyFilesBuildPhase section */

/* Begin PBXFileReference section */
		10A96CF27D2DE1FF3AC63EA8 /* Pods-Liquid-LiquidTransitionTests.release.xcconfig */ = {isa = PBXFileReference; includeInIndex = 1; lastKnownFileType = text.xcconfig; name = "Pods-Liquid-LiquidTransitionTests.release.xcconfig"; path = "Target Support Files/Pods-Liquid-LiquidTransitionTests/Pods-Liquid-LiquidTransitionTests.release.xcconfig"; sourceTree = "<group>"; };
		144B96524A9E742684869D47 /* Pods-Liquid.release.xcconfig */ = {isa = PBXFileReference; includeInIndex = 1; lastKnownFileType = text.xcconfig; name = "Pods-Liquid.release.xcconfig"; path = "Target Support Files/Pods-Liquid/Pods-Liquid.release.xcconfig"; sourceTree = "<group>"; };
		2B670423AA01ED4892D0562E /* Pods-CardsNavigation.debug.xcconfig */ = {isa = PBXFileReference; includeInIndex = 1; lastKnownFileType = text.xcconfig; name = "Pods-CardsNavigation.debug.xcconfig"; path = "Target Support Files/Pods-CardsNavigation/Pods-CardsNavigation.debug.xcconfig"; sourceTree = "<group>"; };
		3D6F469346988B72D07D59F9 /* Pods-CardsNavigation.release.xcconfig */ = {isa = PBXFileReference; includeInIndex = 1; lastKnownFileType = text.xcconfig; name = "Pods-CardsNavigation.release.xcconfig"; path = "Target Support Files/Pods-CardsNavigation/Pods-CardsNavigation.release.xcconfig"; sourceTree = "<group>"; };
		86A964C539ADE44A0BAE80D2 /* Pods_Liquid_LiquidTransitionTests.framework */ = {isa = PBXFileReference; explicitFileType = wrapper.framework; includeInIndex = 0; path = Pods_Liquid_LiquidTransitionTests.framework; sourceTree = BUILT_PRODUCTS_DIR; };
		894EF4EAF8819DE24BABAB0B /* Pods-Voronoi.debug.xcconfig */ = {isa = PBXFileReference; includeInIndex = 1; lastKnownFileType = text.xcconfig; name = "Pods-Voronoi.debug.xcconfig"; path = "Target Support Files/Pods-Voronoi/Pods-Voronoi.debug.xcconfig"; sourceTree = "<group>"; };
		9C222B09E66B35568171264C /* Pods_CardsNavigation.framework */ = {isa = PBXFileReference; explicitFileType = wrapper.framework; includeInIndex = 0; path = Pods_CardsNavigation.framework; sourceTree = BUILT_PRODUCTS_DIR; };
		A98DD3048235E6C26248068B /* Pods-Liquid.debug.xcconfig */ = {isa = PBXFileReference; includeInIndex = 1; lastKnownFileType = text.xcconfig; name = "Pods-Liquid.debug.xcconfig"; path = "Target Support Files/Pods-Liquid/Pods-Liquid.debug.xcconfig"; sourceTree = "<group>"; };
		B753033753DAD0E7930D2EDB /* Pods_Liquid.framework */ = {isa = PBXFileReference; explicitFileType = wrapper.framework; includeInIndex = 0; path = Pods_Liquid.framework; sourceTree = BUILT_PRODUCTS_DIR; };
		BE1E30572995360ED8BA65D8 /* Pods-Voronoi.release.xcconfig */ = {isa = PBXFileReference; includeInIndex = 1; lastKnownFileType = text.xcconfig; name = "Pods-Voronoi.release.xcconfig"; path = "Target Support Files/Pods-Voronoi/Pods-Voronoi.release.xcconfig"; sourceTree = "<group>"; };
		E003E01B7849EB103EB3F8AE /* Pods_Voronoi.framework */ = {isa = PBXFileReference; explicitFileType = wrapper.framework; includeInIndex = 0; path = Pods_Voronoi.framework; sourceTree = BUILT_PRODUCTS_DIR; };
		FA0B4F62215F520D00C18F26 /* Polygon.swift */ = {isa = PBXFileReference; lastKnownFileType = sourcecode.swift; path = Polygon.swift; sourceTree = "<group>"; };
		FA0B4F642161FF8A00C18F26 /* BrokenViewTransition.swift */ = {isa = PBXFileReference; lastKnownFileType = sourcecode.swift; path = BrokenViewTransition.swift; sourceTree = "<group>"; };
		FA0B4F692162BA4700C18F26 /* TestBrokenAnimationController.swift */ = {isa = PBXFileReference; lastKnownFileType = sourcecode.swift; path = TestBrokenAnimationController.swift; sourceTree = "<group>"; };
		FA1587C7234732010058DC46 /* UserDetailController.swift */ = {isa = PBXFileReference; lastKnownFileType = sourcecode.swift; path = UserDetailController.swift; sourceTree = "<group>"; };
		FA1587CB234736790058DC46 /* GithubUser.swift */ = {isa = PBXFileReference; lastKnownFileType = sourcecode.swift; path = GithubUser.swift; sourceTree = "<group>"; };
		FA1587CD234737BC0058DC46 /* GithubAPIService.swift */ = {isa = PBXFileReference; lastKnownFileType = sourcecode.swift; path = GithubAPIService.swift; sourceTree = "<group>"; };
		FA1587CF23473F480058DC46 /* GithubAPIService+UIImageView.swift */ = {isa = PBXFileReference; lastKnownFileType = sourcecode.swift; path = "GithubAPIService+UIImageView.swift"; sourceTree = "<group>"; };
		FA1DA67621851E60004B4DD2 /* FadeTransition.swift */ = {isa = PBXFileReference; lastKnownFileType = sourcecode.swift; path = FadeTransition.swift; sourceTree = "<group>"; };
		FA1DA67821873CB3004B4DD2 /* README.md */ = {isa = PBXFileReference; lastKnownFileType = net.daringfireball.markdown; name = README.md; path = ../README.md; sourceTree = "<group>"; };
		FA1E8160212D3383001DA432 /* LiquidTransition.swift */ = {isa = PBXFileReference; lastKnownFileType = sourcecode.swift; path = LiquidTransition.swift; sourceTree = "<group>"; };
		FA1E8162212D44E3001DA432 /* PercentAnimator.swift */ = {isa = PBXFileReference; lastKnownFileType = sourcecode.swift; path = PercentAnimator.swift; sourceTree = "<group>"; };
		FA2B5D8C2128B43C00B38B1C /* CardCells.swift */ = {isa = PBXFileReference; lastKnownFileType = sourcecode.swift; path = CardCells.swift; sourceTree = "<group>"; };
		FA2B5D912128BAAB00B38B1C /* Extensions.swift */ = {isa = PBXFileReference; fileEncoding = 4; lastKnownFileType = sourcecode.swift; path = Extensions.swift; sourceTree = "<group>"; };
		FA2B5D932128BAED00B38B1C /* TransitionRestorer.swift */ = {isa = PBXFileReference; fileEncoding = 4; lastKnownFileType = sourcecode.swift; path = TransitionRestorer.swift; sourceTree = "<group>"; };
		FA2B5D952128BBCD00B38B1C /* GlobalFunctions.swift */ = {isa = PBXFileReference; fileEncoding = 4; lastKnownFileType = sourcecode.swift; path = GlobalFunctions.swift; sourceTree = "<group>"; };
		FA2B7510218AEA420065845C /* LiquidTransitionTests.xctest */ = {isa = PBXFileReference; explicitFileType = wrapper.cfbundle; includeInIndex = 0; path = LiquidTransitionTests.xctest; sourceTree = BUILT_PRODUCTS_DIR; };
		FA2B7512218AEA420065845C /* LiquidTransitionTests.swift */ = {isa = PBXFileReference; lastKnownFileType = sourcecode.swift; path = LiquidTransitionTests.swift; sourceTree = "<group>"; };
		FA2B7514218AEA420065845C /* Info.plist */ = {isa = PBXFileReference; lastKnownFileType = text.plist.xml; path = Info.plist; sourceTree = "<group>"; };
		FA4A2EA1212B2060003E414C /* Animator.swift */ = {isa = PBXFileReference; lastKnownFileType = sourcecode.swift; path = Animator.swift; sourceTree = "<group>"; };
		FA4A2EA3212B2594003E414C /* DisplayLinkAnimator.swift */ = {isa = PBXFileReference; lastKnownFileType = sourcecode.swift; path = DisplayLinkAnimator.swift; sourceTree = "<group>"; };
		FA6203DD216E9CFE002EFE71 /* Liquid.framework */ = {isa = PBXFileReference; explicitFileType = wrapper.framework; includeInIndex = 0; path = Liquid.framework; sourceTree = BUILT_PRODUCTS_DIR; };
		FA6203DF216E9CFE002EFE71 /* Liquid.h */ = {isa = PBXFileReference; lastKnownFileType = sourcecode.c.h; path = Liquid.h; sourceTree = "<group>"; };
		FA92B847216870750095C126 /* PhotosDetailViewController.swift */ = {isa = PBXFileReference; lastKnownFileType = sourcecode.swift; path = PhotosDetailViewController.swift; sourceTree = "<group>"; };
		FA92B849216870D10095C126 /* PhotoPreviewController.swift */ = {isa = PBXFileReference; lastKnownFileType = sourcecode.swift; path = PhotoPreviewController.swift; sourceTree = "<group>"; };
		FA92B84D216878870095C126 /* UIImage+Ex.swift */ = {isa = PBXFileReference; lastKnownFileType = sourcecode.swift; path = "UIImage+Ex.swift"; sourceTree = "<group>"; };
		FA92B85021687E6C0095C126 /* Assets.xcassets */ = {isa = PBXFileReference; lastKnownFileType = folder.assetcatalog; path = Assets.xcassets; sourceTree = "<group>"; };
		FA94878A2135F23400DAE280 /* CardTransition.swift */ = {isa = PBXFileReference; lastKnownFileType = sourcecode.swift; path = CardTransition.swift; sourceTree = "<group>"; };
		FA94878C2135F5ED00DAE280 /* RuntimeHelper.swift */ = {isa = PBXFileReference; lastKnownFileType = sourcecode.swift; path = RuntimeHelper.swift; sourceTree = "<group>"; };
		FA95E093235D00D800B023AD /* TransitionExampleVC.swift */ = {isa = PBXFileReference; lastKnownFileType = sourcecode.swift; path = TransitionExampleVC.swift; sourceTree = "<group>"; };
		FA95E095235D01CA00B023AD /* TransitionLibTransition.swift */ = {isa = PBXFileReference; lastKnownFileType = sourcecode.swift; path = TransitionLibTransition.swift; sourceTree = "<group>"; };
		FA9E0599274F633B0077F0DF /* Info.plist */ = {isa = PBXFileReference; lastKnownFileType = text.plist.xml; name = Info.plist; path = ../Example/Liquid/Info.plist; sourceTree = "<group>"; };
		FAAB21DB214630C500AAFF48 /* Timing.swift */ = {isa = PBXFileReference; lastKnownFileType = sourcecode.swift; path = Timing.swift; sourceTree = "<group>"; };
		FAAE26C2211A1A430047CECD /* CardsNavigation.app */ = {isa = PBXFileReference; explicitFileType = wrapper.application; includeInIndex = 0; path = CardsNavigation.app; sourceTree = BUILT_PRODUCTS_DIR; };
		FAAE26C5211A1A430047CECD /* AppDelegate.swift */ = {isa = PBXFileReference; lastKnownFileType = sourcecode.swift; path = AppDelegate.swift; sourceTree = "<group>"; };
		FAAE26CA211A1A430047CECD /* Base */ = {isa = PBXFileReference; lastKnownFileType = file.storyboard; name = Base; path = Base.lproj/Main.storyboard; sourceTree = "<group>"; };
		FAAE26CF211A1A450047CECD /* Base */ = {isa = PBXFileReference; lastKnownFileType = file.storyboard; name = Base; path = Base.lproj/LaunchScreen.storyboard; sourceTree = "<group>"; };
		FAAE26D1211A1A450047CECD /* Info.plist */ = {isa = PBXFileReference; lastKnownFileType = text.plist.xml; path = Info.plist; sourceTree = "<group>"; };
		FAAE26D9211A1A790047CECD /* CenteredCollectionViewFlowLayout.swift */ = {isa = PBXFileReference; lastKnownFileType = sourcecode.swift; path = CenteredCollectionViewFlowLayout.swift; sourceTree = "<group>"; };
		FAAE26DB211A1D430047CECD /* WebViewController.swift */ = {isa = PBXFileReference; lastKnownFileType = sourcecode.swift; path = WebViewController.swift; sourceTree = "<group>"; };
		FAAE26DD211A1E000047CECD /* WebViewController.xib */ = {isa = PBXFileReference; lastKnownFileType = file.xib; path = WebViewController.xib; sourceTree = "<group>"; };
		FAAE26DF211A1E9B0047CECD /* CardsNavigationController.swift */ = {isa = PBXFileReference; lastKnownFileType = sourcecode.swift; path = CardsNavigationController.swift; sourceTree = "<group>"; };
		FAAE26E1211A46E60047CECD /* GradientView.swift */ = {isa = PBXFileReference; lastKnownFileType = sourcecode.swift; path = GradientView.swift; sourceTree = "<group>"; };
		FAAE26E4211A48540047CECD /* WebKit.framework */ = {isa = PBXFileReference; lastKnownFileType = wrapper.framework; name = WebKit.framework; path = System/Library/Frameworks/WebKit.framework; sourceTree = SDKROOT; };
		FAAE26E6211B6EC80047CECD /* UIView+Ex.swift */ = {isa = PBXFileReference; lastKnownFileType = sourcecode.swift; path = "UIView+Ex.swift"; sourceTree = "<group>"; };
		FAAE26EA211B7AF70047CECD /* CardInfo.swift */ = {isa = PBXFileReference; lastKnownFileType = sourcecode.swift; path = CardInfo.swift; sourceTree = "<group>"; };
		FAAF4556216567200032C2A9 /* SmoothInteractive.swift */ = {isa = PBXFileReference; lastKnownFileType = sourcecode.swift; path = SmoothInteractive.swift; sourceTree = "<group>"; };
		FAAF455A2165FA890032C2A9 /* PhotosViewController.swift */ = {isa = PBXFileReference; lastKnownFileType = sourcecode.swift; path = PhotosViewController.swift; sourceTree = "<group>"; };
		FAAF455C2165FAB50032C2A9 /* PhotoCell.swift */ = {isa = PBXFileReference; lastKnownFileType = sourcecode.swift; path = PhotoCell.swift; sourceTree = "<group>"; };
		FAAF45612166BE130032C2A9 /* PhotoInfo.swift */ = {isa = PBXFileReference; lastKnownFileType = sourcecode.swift; path = PhotoInfo.swift; sourceTree = "<group>"; };
		FAAF4568216740490032C2A9 /* ThumbCaches.swift */ = {isa = PBXFileReference; lastKnownFileType = sourcecode.swift; path = ThumbCaches.swift; sourceTree = "<group>"; };
		FAC2F6ED21558F47003B3E0A /* Voronoi.framework */ = {isa = PBXFileReference; explicitFileType = wrapper.framework; includeInIndex = 0; path = Voronoi.framework; sourceTree = BUILT_PRODUCTS_DIR; };
		FAC2F6EF21558F47003B3E0A /* Voronoi.h */ = {isa = PBXFileReference; lastKnownFileType = sourcecode.c.h; path = Voronoi.h; sourceTree = "<group>"; };
		FAC2F6F021558F47003B3E0A /* Info.plist */ = {isa = PBXFileReference; lastKnownFileType = text.plist.xml; path = Info.plist; sourceTree = "<group>"; };
		FAC2F6FA21558F60003B3E0A /* Parabola.swift */ = {isa = PBXFileReference; fileEncoding = 4; lastKnownFileType = sourcecode.swift; path = Parabola.swift; sourceTree = "<group>"; };
		FAC2F6FB21558F60003B3E0A /* Edge.swift */ = {isa = PBXFileReference; fileEncoding = 4; lastKnownFileType = sourcecode.swift; path = Edge.swift; sourceTree = "<group>"; };
		FAC2F6FC21558F60003B3E0A /* PriorityQueue.swift */ = {isa = PBXFileReference; fileEncoding = 4; lastKnownFileType = sourcecode.swift; path = PriorityQueue.swift; sourceTree = "<group>"; };
		FAC2F6FD21558F60003B3E0A /* Point.swift */ = {isa = PBXFileReference; fileEncoding = 4; lastKnownFileType = sourcecode.swift; path = Point.swift; sourceTree = "<group>"; };
		FAC2F6FE21558F60003B3E0A /* Event.swift */ = {isa = PBXFileReference; fileEncoding = 4; lastKnownFileType = sourcecode.swift; path = Event.swift; sourceTree = "<group>"; };
		FAC2F6FF21558F60003B3E0A /* Voronoi.swift */ = {isa = PBXFileReference; fileEncoding = 4; lastKnownFileType = sourcecode.swift; path = Voronoi.swift; sourceTree = "<group>"; };
		FAEB331D2175305100F61B5C /* PhotoOpenTransition.swift */ = {isa = PBXFileReference; lastKnownFileType = sourcecode.swift; path = PhotoOpenTransition.swift; sourceTree = "<group>"; };
		FAF1BA5C265ADDA3001D2193 /* UserCell.swift */ = {isa = PBXFileReference; lastKnownFileType = sourcecode.swift; path = UserCell.swift; sourceTree = "<group>"; };
		FAF1BA7C265AEA2A001D2193 /* RootController.swift */ = {isa = PBXFileReference; lastKnownFileType = sourcecode.swift; path = RootController.swift; sourceTree = "<group>"; };
		FAF1BA84265B5D1D001D2193 /* UserPopupController.swift */ = {isa = PBXFileReference; lastKnownFileType = sourcecode.swift; path = UserPopupController.swift; sourceTree = "<group>"; };
		FAF1BA89265B87DE001D2193 /* UserCardTransition.swift */ = {isa = PBXFileReference; lastKnownFileType = sourcecode.swift; path = UserCardTransition.swift; sourceTree = "<group>"; };
		FAF1BA90265B9B3B001D2193 /* BezierHelpers.swift */ = {isa = PBXFileReference; lastKnownFileType = sourcecode.swift; path = BezierHelpers.swift; sourceTree = "<group>"; };
		FD55B061D5DDE9F4469F0B14 /* Pods-Liquid-LiquidTransitionTests.debug.xcconfig */ = {isa = PBXFileReference; includeInIndex = 1; lastKnownFileType = text.xcconfig; name = "Pods-Liquid-LiquidTransitionTests.debug.xcconfig"; path = "Target Support Files/Pods-Liquid-LiquidTransitionTests/Pods-Liquid-LiquidTransitionTests.debug.xcconfig"; sourceTree = "<group>"; };
/* End PBXFileReference section */

/* Begin PBXFrameworksBuildPhase section */
		FA2B750D218AEA420065845C /* Frameworks */ = {
			isa = PBXFrameworksBuildPhase;
			buildActionMask = 2147483647;
			files = (
				E3222E6FD8BB9DBF289D3349 /* Pods_Liquid_LiquidTransitionTests.framework in Frameworks */,
			);
			runOnlyForDeploymentPostprocessing = 0;
		};
		FA6203DA216E9CFE002EFE71 /* Frameworks */ = {
			isa = PBXFrameworksBuildPhase;
			buildActionMask = 2147483647;
			files = (
				CF407927ED708239936B43E1 /* Pods_Liquid.framework in Frameworks */,
			);
			runOnlyForDeploymentPostprocessing = 0;
		};
		FAAE26BF211A1A430047CECD /* Frameworks */ = {
			isa = PBXFrameworksBuildPhase;
			buildActionMask = 2147483647;
			files = (
				FAAE26E5211A48540047CECD /* WebKit.framework in Frameworks */,
				FA6203E4216E9CFE002EFE71 /* Liquid.framework in Frameworks */,
				FAC2F6F421558F47003B3E0A /* Voronoi.framework in Frameworks */,
				B13E7BFA2E4482413EAC0FAA /* Pods_CardsNavigation.framework in Frameworks */,
			);
			runOnlyForDeploymentPostprocessing = 0;
		};
		FAC2F6E921558F47003B3E0A /* Frameworks */ = {
			isa = PBXFrameworksBuildPhase;
			buildActionMask = 2147483647;
			files = (
				28119F2A2209996EA20F930A /* Pods_Voronoi.framework in Frameworks */,
			);
			runOnlyForDeploymentPostprocessing = 0;
		};
/* End PBXFrameworksBuildPhase section */

/* Begin PBXGroup section */
		78B5CBD79D8FCEBFEC00CECF /* Pods */ = {
			isa = PBXGroup;
			children = (
				2B670423AA01ED4892D0562E /* Pods-CardsNavigation.debug.xcconfig */,
				3D6F469346988B72D07D59F9 /* Pods-CardsNavigation.release.xcconfig */,
				A98DD3048235E6C26248068B /* Pods-Liquid.debug.xcconfig */,
				144B96524A9E742684869D47 /* Pods-Liquid.release.xcconfig */,
				FD55B061D5DDE9F4469F0B14 /* Pods-Liquid-LiquidTransitionTests.debug.xcconfig */,
				10A96CF27D2DE1FF3AC63EA8 /* Pods-Liquid-LiquidTransitionTests.release.xcconfig */,
				894EF4EAF8819DE24BABAB0B /* Pods-Voronoi.debug.xcconfig */,
				BE1E30572995360ED8BA65D8 /* Pods-Voronoi.release.xcconfig */,
			);
			path = Pods;
			sourceTree = "<group>";
		};
		FA1587C6234731D00058DC46 /* User Cards */ = {
			isa = PBXGroup;
			children = (
				FAF1BA90265B9B3B001D2193 /* BezierHelpers.swift */,
				FA1587C7234732010058DC46 /* UserDetailController.swift */,
				FAF1BA84265B5D1D001D2193 /* UserPopupController.swift */,
				FAF1BA5C265ADDA3001D2193 /* UserCell.swift */,
				FA1587CB234736790058DC46 /* GithubUser.swift */,
				FA1587CD234737BC0058DC46 /* GithubAPIService.swift */,
				FA1587CF23473F480058DC46 /* GithubAPIService+UIImageView.swift */,
			);
			path = "User Cards";
			sourceTree = "<group>";
		};
		FA2B7511218AEA420065845C /* LiquidTransitionTests */ = {
			isa = PBXGroup;
			children = (
				FA2B7512218AEA420065845C /* LiquidTransitionTests.swift */,
				FA2B7514218AEA420065845C /* Info.plist */,
			);
			path = LiquidTransitionTests;
			sourceTree = "<group>";
		};
		FA2B752A218AF9360065845C /* web */ = {
			isa = PBXGroup;
			children = (
				FAAE26DD211A1E000047CECD /* WebViewController.xib */,
				FAAE26DB211A1D430047CECD /* WebViewController.swift */,
			);
			path = web;
			sourceTree = "<group>";
		};
		FA6203DE216E9CFE002EFE71 /* Liquid */ = {
			isa = PBXGroup;
			children = (
				FA2B5D932128BAED00B38B1C /* TransitionRestorer.swift */,
				FA1E8160212D3383001DA432 /* LiquidTransition.swift */,
				FA94878C2135F5ED00DAE280 /* RuntimeHelper.swift */,
				FA4A2EA3212B2594003E414C /* DisplayLinkAnimator.swift */,
				FA4A2EA1212B2060003E414C /* Animator.swift */,
				FA1E8162212D44E3001DA432 /* PercentAnimator.swift */,
				FAAF4556216567200032C2A9 /* SmoothInteractive.swift */,
				FAAB21DB214630C500AAFF48 /* Timing.swift */,
				FA6203DF216E9CFE002EFE71 /* Liquid.h */,
				FA9E0599274F633B0077F0DF /* Info.plist */,
			);
			name = Liquid;
			path = ../Liquid;
			sourceTree = "<group>";
		};
		FA92B84F21687C440095C126 /* Extensions */ = {
			isa = PBXGroup;
			children = (
				FAAE26E6211B6EC80047CECD /* UIView+Ex.swift */,
				FA92B84D216878870095C126 /* UIImage+Ex.swift */,
				FA2B5D952128BBCD00B38B1C /* GlobalFunctions.swift */,
				FA2B5D912128BAAB00B38B1C /* Extensions.swift */,
			);
			path = Extensions;
			sourceTree = "<group>";
		};
		FA9487892135F17500DAE280 /* Transitions */ = {
			isa = PBXGroup;
			children = (
				FA94878A2135F23400DAE280 /* CardTransition.swift */,
				FA1DA67621851E60004B4DD2 /* FadeTransition.swift */,
				FA0B4F642161FF8A00C18F26 /* BrokenViewTransition.swift */,
				FAEB331D2175305100F61B5C /* PhotoOpenTransition.swift */,
				FA95E095235D01CA00B023AD /* TransitionLibTransition.swift */,
				FAF1BA89265B87DE001D2193 /* UserCardTransition.swift */,
			);
			path = Transitions;
			sourceTree = "<group>";
		};
		FA95E092235D00BA00B023AD /* TransitionLib */ = {
			isa = PBXGroup;
			children = (
				FA95E093235D00D800B023AD /* TransitionExampleVC.swift */,
			);
			path = TransitionLib;
			sourceTree = "<group>";
		};
		FAAE26B9211A1A430047CECD = {
			isa = PBXGroup;
			children = (
				FA1DA67821873CB3004B4DD2 /* README.md */,
				FAAE26C4211A1A430047CECD /* CardsNavigation */,
				FAC2F6EE21558F47003B3E0A /* Voronoi */,
				FA6203DE216E9CFE002EFE71 /* Liquid */,
				FA2B7511218AEA420065845C /* LiquidTransitionTests */,
				FAAE26C3211A1A430047CECD /* Products */,
				FAAE26E3211A48540047CECD /* Frameworks */,
				78B5CBD79D8FCEBFEC00CECF /* Pods */,
			);
			sourceTree = "<group>";
		};
		FAAE26C3211A1A430047CECD /* Products */ = {
			isa = PBXGroup;
			children = (
				FAAE26C2211A1A430047CECD /* CardsNavigation.app */,
				FAC2F6ED21558F47003B3E0A /* Voronoi.framework */,
				FA6203DD216E9CFE002EFE71 /* Liquid.framework */,
				FA2B7510218AEA420065845C /* LiquidTransitionTests.xctest */,
			);
			name = Products;
			sourceTree = "<group>";
		};
		FAAE26C4211A1A430047CECD /* CardsNavigation */ = {
			isa = PBXGroup;
			children = (
				FAAE26C5211A1A430047CECD /* AppDelegate.swift */,
				FAF1BA7C265AEA2A001D2193 /* RootController.swift */,
				FA95E092235D00BA00B023AD /* TransitionLib */,
				FA1587C6234731D00058DC46 /* User Cards */,
				FA92B84F21687C440095C126 /* Extensions */,
				FA9487892135F17500DAE280 /* Transitions */,
				FAAE26EC211B7AFC0047CECD /* Cards Brrowser */,
				FAAF45582165FA330032C2A9 /* BrokenView */,
				FAAF45592165FA670032C2A9 /* Photos */,
				FAAE26C9211A1A430047CECD /* Main.storyboard */,
				FAAE26CE211A1A450047CECD /* LaunchScreen.storyboard */,
				FA92B85021687E6C0095C126 /* Assets.xcassets */,
				FAAE26D1211A1A450047CECD /* Info.plist */,
			);
			path = CardsNavigation;
			sourceTree = "<group>";
		};
		FAAE26E3211A48540047CECD /* Frameworks */ = {
			isa = PBXGroup;
			children = (
				FAAE26E4211A48540047CECD /* WebKit.framework */,
				9C222B09E66B35568171264C /* Pods_CardsNavigation.framework */,
				B753033753DAD0E7930D2EDB /* Pods_Liquid.framework */,
				86A964C539ADE44A0BAE80D2 /* Pods_Liquid_LiquidTransitionTests.framework */,
				E003E01B7849EB103EB3F8AE /* Pods_Voronoi.framework */,
			);
			name = Frameworks;
			sourceTree = "<group>";
		};
		FAAE26EC211B7AFC0047CECD /* Cards Brrowser */ = {
			isa = PBXGroup;
			children = (
				FA2B752A218AF9360065845C /* web */,
				FAAE26E1211A46E60047CECD /* GradientView.swift */,
				FAAE26D9211A1A790047CECD /* CenteredCollectionViewFlowLayout.swift */,
				FAAE26DF211A1E9B0047CECD /* CardsNavigationController.swift */,
				FA2B5D8C2128B43C00B38B1C /* CardCells.swift */,
				FAAE26EA211B7AF70047CECD /* CardInfo.swift */,
			);
			path = "Cards Brrowser";
			sourceTree = "<group>";
		};
		FAAF45582165FA330032C2A9 /* BrokenView */ = {
			isa = PBXGroup;
			children = (
				FA0B4F692162BA4700C18F26 /* TestBrokenAnimationController.swift */,
			);
			path = BrokenView;
			sourceTree = "<group>";
		};
		FAAF45592165FA670032C2A9 /* Photos */ = {
			isa = PBXGroup;
			children = (
				FA92B849216870D10095C126 /* PhotoPreviewController.swift */,
				FA92B847216870750095C126 /* PhotosDetailViewController.swift */,
				FAAF455A2165FA890032C2A9 /* PhotosViewController.swift */,
				FAAF455C2165FAB50032C2A9 /* PhotoCell.swift */,
				FAAF45612166BE130032C2A9 /* PhotoInfo.swift */,
				FAAF4568216740490032C2A9 /* ThumbCaches.swift */,
			);
			path = Photos;
			sourceTree = "<group>";
		};
		FAC2F6EE21558F47003B3E0A /* Voronoi */ = {
			isa = PBXGroup;
			children = (
				FAC2F6EF21558F47003B3E0A /* Voronoi.h */,
				FAC2F6FB21558F60003B3E0A /* Edge.swift */,
				FAC2F6FE21558F60003B3E0A /* Event.swift */,
				FAC2F6FA21558F60003B3E0A /* Parabola.swift */,
				FAC2F6FD21558F60003B3E0A /* Point.swift */,
				FAC2F6FC21558F60003B3E0A /* PriorityQueue.swift */,
				FAC2F6FF21558F60003B3E0A /* Voronoi.swift */,
				FA0B4F62215F520D00C18F26 /* Polygon.swift */,
				FAC2F6F021558F47003B3E0A /* Info.plist */,
			);
			path = Voronoi;
			sourceTree = "<group>";
		};
/* End PBXGroup section */

/* Begin PBXHeadersBuildPhase section */
		FA6203D8216E9CFE002EFE71 /* Headers */ = {
			isa = PBXHeadersBuildPhase;
			buildActionMask = 2147483647;
			files = (
				FA6203E1216E9CFE002EFE71 /* Liquid.h in Headers */,
			);
			runOnlyForDeploymentPostprocessing = 0;
		};
		FAC2F6EA21558F47003B3E0A /* Headers */ = {
			isa = PBXHeadersBuildPhase;
			buildActionMask = 2147483647;
			files = (
				FAC2F6F121558F47003B3E0A /* Voronoi.h in Headers */,
			);
			runOnlyForDeploymentPostprocessing = 0;
		};
/* End PBXHeadersBuildPhase section */

/* Begin PBXNativeTarget section */
		FA2B750F218AEA420065845C /* LiquidTransitionTests */ = {
			isa = PBXNativeTarget;
			buildConfigurationList = FA2B7517218AEA430065845C /* Build configuration list for PBXNativeTarget "LiquidTransitionTests" */;
			buildPhases = (
				2B70823FA77986128445860A /* [CP] Check Pods Manifest.lock */,
				FA2B750C218AEA420065845C /* Sources */,
				FA2B750D218AEA420065845C /* Frameworks */,
				FA2B750E218AEA420065845C /* Resources */,
			);
			buildRules = (
			);
			dependencies = (
				FA2B751B218AEC520065845C /* PBXTargetDependency */,
			);
			name = LiquidTransitionTests;
			productName = LiquidTransitionTests;
			productReference = FA2B7510218AEA420065845C /* LiquidTransitionTests.xctest */;
			productType = "com.apple.product-type.bundle.unit-test";
		};
		FA6203DC216E9CFE002EFE71 /* Liquid */ = {
			isa = PBXNativeTarget;
			buildConfigurationList = FA6203E8216E9CFE002EFE71 /* Build configuration list for PBXNativeTarget "Liquid" */;
			buildPhases = (
				DA15ADC2F0C30C2981703C66 /* [CP] Check Pods Manifest.lock */,
				FA6203D8216E9CFE002EFE71 /* Headers */,
				FA6203D9216E9CFE002EFE71 /* Sources */,
				FA6203DA216E9CFE002EFE71 /* Frameworks */,
				FA6203DB216E9CFE002EFE71 /* Resources */,
			);
			buildRules = (
			);
			dependencies = (
			);
			name = Liquid;
			productName = Liquid;
			productReference = FA6203DD216E9CFE002EFE71 /* Liquid.framework */;
			productType = "com.apple.product-type.framework";
		};
		FAAE26C1211A1A430047CECD /* CardsNavigation */ = {
			isa = PBXNativeTarget;
			buildConfigurationList = FAAE26D4211A1A450047CECD /* Build configuration list for PBXNativeTarget "CardsNavigation" */;
			buildPhases = (
				D8337947D10502D76CB9792B /* [CP] Check Pods Manifest.lock */,
				FAAE26BE211A1A430047CECD /* Sources */,
				FAAE26BF211A1A430047CECD /* Frameworks */,
				FAAE26C0211A1A430047CECD /* Resources */,
				FAC2F6F921558F47003B3E0A /* Embed Frameworks */,
				522838856C66FEA6ED7C5439 /* [CP] Embed Pods Frameworks */,
			);
			buildRules = (
			);
			dependencies = (
				FAC2F6F321558F47003B3E0A /* PBXTargetDependency */,
				FA6203E3216E9CFE002EFE71 /* PBXTargetDependency */,
			);
			name = CardsNavigation;
			productName = CardsNavigation;
			productReference = FAAE26C2211A1A430047CECD /* CardsNavigation.app */;
			productType = "com.apple.product-type.application";
		};
		FAC2F6EC21558F47003B3E0A /* Voronoi */ = {
			isa = PBXNativeTarget;
			buildConfigurationList = FAC2F6F821558F47003B3E0A /* Build configuration list for PBXNativeTarget "Voronoi" */;
			buildPhases = (
				C05ACF25B6B64E22D3FC45B8 /* [CP] Check Pods Manifest.lock */,
				FAC2F6E821558F47003B3E0A /* Sources */,
				FAC2F6E921558F47003B3E0A /* Frameworks */,
				FAC2F6EA21558F47003B3E0A /* Headers */,
				FAC2F6EB21558F47003B3E0A /* Resources */,
			);
			buildRules = (
			);
			dependencies = (
			);
			name = Voronoi;
			productName = Voronoi;
			productReference = FAC2F6ED21558F47003B3E0A /* Voronoi.framework */;
			productType = "com.apple.product-type.framework";
		};
/* End PBXNativeTarget section */

/* Begin PBXProject section */
		FAAE26BA211A1A430047CECD /* Project object */ = {
			isa = PBXProject;
			attributes = {
				LastSwiftUpdateCheck = 1000;
				LastUpgradeCheck = 0940;
				ORGANIZATIONNAME = "Alex Development";
				TargetAttributes = {
					FA2B750F218AEA420065845C = {
						CreatedOnToolsVersion = 10.0;
						TestTargetID = FAAE26C1211A1A430047CECD;
					};
					FA6203DC216E9CFE002EFE71 = {
						CreatedOnToolsVersion = 10.0;
					};
					FAAE26C1211A1A430047CECD = {
						CreatedOnToolsVersion = 9.4.1;
					};
					FAC2F6EC21558F47003B3E0A = {
						CreatedOnToolsVersion = 9.4.1;
						LastSwiftMigration = 0940;
					};
				};
			};
			buildConfigurationList = FAAE26BD211A1A430047CECD /* Build configuration list for PBXProject "CardsNavigation" */;
			compatibilityVersion = "Xcode 9.3";
			developmentRegion = en;
			hasScannedForEncodings = 0;
			knownRegions = (
				en,
				Base,
			);
			mainGroup = FAAE26B9211A1A430047CECD;
			productRefGroup = FAAE26C3211A1A430047CECD /* Products */;
			projectDirPath = "";
			projectRoot = "";
			targets = (
				FAAE26C1211A1A430047CECD /* CardsNavigation */,
				FAC2F6EC21558F47003B3E0A /* Voronoi */,
				FA6203DC216E9CFE002EFE71 /* Liquid */,
				FA2B750F218AEA420065845C /* LiquidTransitionTests */,
			);
		};
/* End PBXProject section */

/* Begin PBXResourcesBuildPhase section */
		FA2B750E218AEA420065845C /* Resources */ = {
			isa = PBXResourcesBuildPhase;
			buildActionMask = 2147483647;
			files = (
			);
			runOnlyForDeploymentPostprocessing = 0;
		};
		FA6203DB216E9CFE002EFE71 /* Resources */ = {
			isa = PBXResourcesBuildPhase;
			buildActionMask = 2147483647;
			files = (
			);
			runOnlyForDeploymentPostprocessing = 0;
		};
		FAAE26C0211A1A430047CECD /* Resources */ = {
			isa = PBXResourcesBuildPhase;
			buildActionMask = 2147483647;
			files = (
				FAAE26D0211A1A450047CECD /* LaunchScreen.storyboard in Resources */,
				FAAE26CB211A1A430047CECD /* Main.storyboard in Resources */,
				FA92B85121687E6C0095C126 /* Assets.xcassets in Resources */,
				FAAE26DE211A1E000047CECD /* WebViewController.xib in Resources */,
			);
			runOnlyForDeploymentPostprocessing = 0;
		};
		FAC2F6EB21558F47003B3E0A /* Resources */ = {
			isa = PBXResourcesBuildPhase;
			buildActionMask = 2147483647;
			files = (
			);
			runOnlyForDeploymentPostprocessing = 0;
		};
/* End PBXResourcesBuildPhase section */

/* Begin PBXShellScriptBuildPhase section */
		2B70823FA77986128445860A /* [CP] Check Pods Manifest.lock */ = {
			isa = PBXShellScriptBuildPhase;
			buildActionMask = 2147483647;
			files = (
			);
			inputFileListPaths = (
			);
			inputPaths = (
				"${PODS_PODFILE_DIR_PATH}/Podfile.lock",
				"${PODS_ROOT}/Manifest.lock",
			);
			name = "[CP] Check Pods Manifest.lock";
			outputFileListPaths = (
			);
			outputPaths = (
				"$(DERIVED_FILE_DIR)/Pods-Liquid-LiquidTransitionTests-checkManifestLockResult.txt",
			);
			runOnlyForDeploymentPostprocessing = 0;
			shellPath = /bin/sh;
			shellScript = "diff \"${PODS_PODFILE_DIR_PATH}/Podfile.lock\" \"${PODS_ROOT}/Manifest.lock\" > /dev/null\nif [ $? != 0 ] ; then\n    # print error to STDERR\n    echo \"error: The sandbox is not in sync with the Podfile.lock. Run 'pod install' or update your CocoaPods installation.\" >&2\n    exit 1\nfi\n# This output is used by Xcode 'outputs' to avoid re-running this script phase.\necho \"SUCCESS\" > \"${SCRIPT_OUTPUT_FILE_0}\"\n";
			showEnvVarsInLog = 0;
		};
		522838856C66FEA6ED7C5439 /* [CP] Embed Pods Frameworks */ = {
			isa = PBXShellScriptBuildPhase;
			buildActionMask = 2147483647;
			files = (
			);
			inputFileListPaths = (
				"${PODS_ROOT}/Target Support Files/Pods-CardsNavigation/Pods-CardsNavigation-frameworks-${CONFIGURATION}-input-files.xcfilelist",
			);
			name = "[CP] Embed Pods Frameworks";
			outputFileListPaths = (
				"${PODS_ROOT}/Target Support Files/Pods-CardsNavigation/Pods-CardsNavigation-frameworks-${CONFIGURATION}-output-files.xcfilelist",
			);
			runOnlyForDeploymentPostprocessing = 0;
			shellPath = /bin/sh;
			shellScript = "\"${PODS_ROOT}/Target Support Files/Pods-CardsNavigation/Pods-CardsNavigation-frameworks.sh\"\n";
			showEnvVarsInLog = 0;
		};
		C05ACF25B6B64E22D3FC45B8 /* [CP] Check Pods Manifest.lock */ = {
			isa = PBXShellScriptBuildPhase;
			buildActionMask = 2147483647;
			files = (
			);
			inputFileListPaths = (
			);
			inputPaths = (
				"${PODS_PODFILE_DIR_PATH}/Podfile.lock",
				"${PODS_ROOT}/Manifest.lock",
			);
			name = "[CP] Check Pods Manifest.lock";
			outputFileListPaths = (
			);
			outputPaths = (
				"$(DERIVED_FILE_DIR)/Pods-Voronoi-checkManifestLockResult.txt",
			);
			runOnlyForDeploymentPostprocessing = 0;
			shellPath = /bin/sh;
			shellScript = "diff \"${PODS_PODFILE_DIR_PATH}/Podfile.lock\" \"${PODS_ROOT}/Manifest.lock\" > /dev/null\nif [ $? != 0 ] ; then\n    # print error to STDERR\n    echo \"error: The sandbox is not in sync with the Podfile.lock. Run 'pod install' or update your CocoaPods installation.\" >&2\n    exit 1\nfi\n# This output is used by Xcode 'outputs' to avoid re-running this script phase.\necho \"SUCCESS\" > \"${SCRIPT_OUTPUT_FILE_0}\"\n";
			showEnvVarsInLog = 0;
		};
		D8337947D10502D76CB9792B /* [CP] Check Pods Manifest.lock */ = {
			isa = PBXShellScriptBuildPhase;
			buildActionMask = 2147483647;
			files = (
			);
			inputFileListPaths = (
			);
			inputPaths = (
				"${PODS_PODFILE_DIR_PATH}/Podfile.lock",
				"${PODS_ROOT}/Manifest.lock",
			);
			name = "[CP] Check Pods Manifest.lock";
			outputFileListPaths = (
			);
			outputPaths = (
				"$(DERIVED_FILE_DIR)/Pods-CardsNavigation-checkManifestLockResult.txt",
			);
			runOnlyForDeploymentPostprocessing = 0;
			shellPath = /bin/sh;
			shellScript = "diff \"${PODS_PODFILE_DIR_PATH}/Podfile.lock\" \"${PODS_ROOT}/Manifest.lock\" > /dev/null\nif [ $? != 0 ] ; then\n    # print error to STDERR\n    echo \"error: The sandbox is not in sync with the Podfile.lock. Run 'pod install' or update your CocoaPods installation.\" >&2\n    exit 1\nfi\n# This output is used by Xcode 'outputs' to avoid re-running this script phase.\necho \"SUCCESS\" > \"${SCRIPT_OUTPUT_FILE_0}\"\n";
			showEnvVarsInLog = 0;
		};
		DA15ADC2F0C30C2981703C66 /* [CP] Check Pods Manifest.lock */ = {
			isa = PBXShellScriptBuildPhase;
			buildActionMask = 2147483647;
			files = (
			);
			inputFileListPaths = (
			);
			inputPaths = (
				"${PODS_PODFILE_DIR_PATH}/Podfile.lock",
				"${PODS_ROOT}/Manifest.lock",
			);
			name = "[CP] Check Pods Manifest.lock";
			outputFileListPaths = (
			);
			outputPaths = (
				"$(DERIVED_FILE_DIR)/Pods-Liquid-checkManifestLockResult.txt",
			);
			runOnlyForDeploymentPostprocessing = 0;
			shellPath = /bin/sh;
			shellScript = "diff \"${PODS_PODFILE_DIR_PATH}/Podfile.lock\" \"${PODS_ROOT}/Manifest.lock\" > /dev/null\nif [ $? != 0 ] ; then\n    # print error to STDERR\n    echo \"error: The sandbox is not in sync with the Podfile.lock. Run 'pod install' or update your CocoaPods installation.\" >&2\n    exit 1\nfi\n# This output is used by Xcode 'outputs' to avoid re-running this script phase.\necho \"SUCCESS\" > \"${SCRIPT_OUTPUT_FILE_0}\"\n";
			showEnvVarsInLog = 0;
		};
/* End PBXShellScriptBuildPhase section */

/* Begin PBXSourcesBuildPhase section */
		FA2B750C218AEA420065845C /* Sources */ = {
			isa = PBXSourcesBuildPhase;
			buildActionMask = 2147483647;
			files = (
				FA2B7513218AEA420065845C /* LiquidTransitionTests.swift in Sources */,
			);
			runOnlyForDeploymentPostprocessing = 0;
		};
		FA6203D9216E9CFE002EFE71 /* Sources */ = {
			isa = PBXSourcesBuildPhase;
			buildActionMask = 2147483647;
			files = (
				FA6203ED216E9D1F002EFE71 /* SmoothInteractive.swift in Sources */,
				FA6203F0216E9D1F002EFE71 /* PercentAnimator.swift in Sources */,
				FA6203E9216E9D1F002EFE71 /* RuntimeHelper.swift in Sources */,
				FA6203EF216E9D1F002EFE71 /* TransitionRestorer.swift in Sources */,
				FA6203EE216E9D1F002EFE71 /* LiquidTransition.swift in Sources */,
				FA6203EA216E9D1F002EFE71 /* DisplayLinkAnimator.swift in Sources */,
				FA6203EC216E9D1F002EFE71 /* Timing.swift in Sources */,
				FA6203EB216E9D1F002EFE71 /* Animator.swift in Sources */,
			);
			runOnlyForDeploymentPostprocessing = 0;
		};
		FAAE26BE211A1A430047CECD /* Sources */ = {
			isa = PBXSourcesBuildPhase;
			buildActionMask = 2147483647;
			files = (
				FA94878B2135F23400DAE280 /* CardTransition.swift in Sources */,
				FA95E096235D01CA00B023AD /* TransitionLibTransition.swift in Sources */,
				FAAE26E0211A1E9B0047CECD /* CardsNavigationController.swift in Sources */,
				FAAE26EB211B7AF70047CECD /* CardInfo.swift in Sources */,
				FAAF45622166BE130032C2A9 /* PhotoInfo.swift in Sources */,
				FAF1BA7D265AEA2A001D2193 /* RootController.swift in Sources */,
				FA0B4F6A2162BA4700C18F26 /* TestBrokenAnimationController.swift in Sources */,
				FAF1BA91265B9B3B001D2193 /* BezierHelpers.swift in Sources */,
				FA92B84A216870D10095C126 /* PhotoPreviewController.swift in Sources */,
				FAAE26E2211A46E60047CECD /* GradientView.swift in Sources */,
				FA1587CC234736790058DC46 /* GithubUser.swift in Sources */,
				FA0B4F652161FF8A00C18F26 /* BrokenViewTransition.swift in Sources */,
				FA1DA67721851E60004B4DD2 /* FadeTransition.swift in Sources */,
				FA1587D023473F480058DC46 /* GithubAPIService+UIImageView.swift in Sources */,
				FAEB331E2175305100F61B5C /* PhotoOpenTransition.swift in Sources */,
				FAAE26DA211A1A790047CECD /* CenteredCollectionViewFlowLayout.swift in Sources */,
				FAAE26C6211A1A430047CECD /* AppDelegate.swift in Sources */,
				FA92B84E216878870095C126 /* UIImage+Ex.swift in Sources */,
				FAF1BA5D265ADDA3001D2193 /* UserCell.swift in Sources */,
				FAF1BA85265B5D1D001D2193 /* UserPopupController.swift in Sources */,
				FAAE26DC211A1D430047CECD /* WebViewController.swift in Sources */,
				FAAF455B2165FA890032C2A9 /* PhotosViewController.swift in Sources */,
				FAAE26E7211B6EC80047CECD /* UIView+Ex.swift in Sources */,
				FAAF455D2165FAB50032C2A9 /* PhotoCell.swift in Sources */,
				FAF1BA8A265B87DE001D2193 /* UserCardTransition.swift in Sources */,
				FA1587C8234732010058DC46 /* UserDetailController.swift in Sources */,
				FA2B5D962128BBCD00B38B1C /* GlobalFunctions.swift in Sources */,
				FA1587CE234737BC0058DC46 /* GithubAPIService.swift in Sources */,
				FAAF4569216740490032C2A9 /* ThumbCaches.swift in Sources */,
				FA95E094235D00D800B023AD /* TransitionExampleVC.swift in Sources */,
				FA92B848216870750095C126 /* PhotosDetailViewController.swift in Sources */,
				FA2B5D8D2128B43C00B38B1C /* CardCells.swift in Sources */,
				FA2B5D922128BAAB00B38B1C /* Extensions.swift in Sources */,
			);
			runOnlyForDeploymentPostprocessing = 0;
		};
		FAC2F6E821558F47003B3E0A /* Sources */ = {
			isa = PBXSourcesBuildPhase;
			buildActionMask = 2147483647;
			files = (
				FAC2F70321558F60003B3E0A /* Point.swift in Sources */,
				FAC2F70121558F60003B3E0A /* Edge.swift in Sources */,
				FAC2F70021558F60003B3E0A /* Parabola.swift in Sources */,
				FAC2F70221558F60003B3E0A /* PriorityQueue.swift in Sources */,
				FAC2F70521558F60003B3E0A /* Voronoi.swift in Sources */,
				FAC2F70421558F60003B3E0A /* Event.swift in Sources */,
				FA0B4F63215F520D00C18F26 /* Polygon.swift in Sources */,
			);
			runOnlyForDeploymentPostprocessing = 0;
		};
/* End PBXSourcesBuildPhase section */

/* Begin PBXTargetDependency section */
		FA2B751B218AEC520065845C /* PBXTargetDependency */ = {
			isa = PBXTargetDependency;
			target = FA6203DC216E9CFE002EFE71 /* Liquid */;
			targetProxy = FA2B751A218AEC520065845C /* PBXContainerItemProxy */;
		};
		FA6203E3216E9CFE002EFE71 /* PBXTargetDependency */ = {
			isa = PBXTargetDependency;
			target = FA6203DC216E9CFE002EFE71 /* Liquid */;
			targetProxy = FA6203E2216E9CFE002EFE71 /* PBXContainerItemProxy */;
		};
		FAC2F6F321558F47003B3E0A /* PBXTargetDependency */ = {
			isa = PBXTargetDependency;
			target = FAC2F6EC21558F47003B3E0A /* Voronoi */;
			targetProxy = FAC2F6F221558F47003B3E0A /* PBXContainerItemProxy */;
		};
/* End PBXTargetDependency section */

/* Begin PBXVariantGroup section */
		FAAE26C9211A1A430047CECD /* Main.storyboard */ = {
			isa = PBXVariantGroup;
			children = (
				FAAE26CA211A1A430047CECD /* Base */,
			);
			name = Main.storyboard;
			sourceTree = "<group>";
		};
		FAAE26CE211A1A450047CECD /* LaunchScreen.storyboard */ = {
			isa = PBXVariantGroup;
			children = (
				FAAE26CF211A1A450047CECD /* Base */,
			);
			name = LaunchScreen.storyboard;
			sourceTree = "<group>";
		};
/* End PBXVariantGroup section */

/* Begin XCBuildConfiguration section */
		FA2B7518218AEA430065845C /* Debug */ = {
			isa = XCBuildConfiguration;
			baseConfigurationReference = FD55B061D5DDE9F4469F0B14 /* Pods-Liquid-LiquidTransitionTests.debug.xcconfig */;
			buildSettings = {
				BUNDLE_LOADER = "$(TEST_HOST)";
				CODE_SIGN_STYLE = Automatic;
				DEVELOPMENT_TEAM = RE82W8HD52;
				INFOPLIST_FILE = LiquidTransitionTests/Info.plist;
				IPHONEOS_DEPLOYMENT_TARGET = 12.0;
				LD_RUNPATH_SEARCH_PATHS = (
					"$(inherited)",
					"@executable_path/Frameworks",
					"@loader_path/Frameworks",
				);
				MTL_ENABLE_DEBUG_INFO = INCLUDE_SOURCE;
				MTL_FAST_MATH = YES;
				PRODUCT_BUNDLE_IDENTIFIER = alex.LiquidTransitionTests;
				PRODUCT_NAME = "$(TARGET_NAME)";
				SWIFT_VERSION = 5.0;
				TARGETED_DEVICE_FAMILY = "1,2";
				TEST_HOST = "$(BUILT_PRODUCTS_DIR)/CardsNavigation.app/CardsNavigation";
			};
			name = Debug;
		};
		FA2B7519218AEA430065845C /* Release */ = {
			isa = XCBuildConfiguration;
			baseConfigurationReference = 10A96CF27D2DE1FF3AC63EA8 /* Pods-Liquid-LiquidTransitionTests.release.xcconfig */;
			buildSettings = {
				BUNDLE_LOADER = "$(TEST_HOST)";
				CODE_SIGN_STYLE = Automatic;
				DEVELOPMENT_TEAM = RE82W8HD52;
				INFOPLIST_FILE = LiquidTransitionTests/Info.plist;
				IPHONEOS_DEPLOYMENT_TARGET = 12.0;
				LD_RUNPATH_SEARCH_PATHS = (
					"$(inherited)",
					"@executable_path/Frameworks",
					"@loader_path/Frameworks",
				);
				MTL_FAST_MATH = YES;
				PRODUCT_BUNDLE_IDENTIFIER = alex.LiquidTransitionTests;
				PRODUCT_NAME = "$(TARGET_NAME)";
				SWIFT_VERSION = 5.0;
				TARGETED_DEVICE_FAMILY = "1,2";
				TEST_HOST = "$(BUILT_PRODUCTS_DIR)/CardsNavigation.app/CardsNavigation";
			};
			name = Release;
		};
		FA6203E6216E9CFE002EFE71 /* Debug */ = {
			isa = XCBuildConfiguration;
			baseConfigurationReference = A98DD3048235E6C26248068B /* Pods-Liquid.debug.xcconfig */;
			buildSettings = {
				CODE_SIGN_IDENTITY = "";
				CODE_SIGN_STYLE = Automatic;
				CURRENT_PROJECT_VERSION = 1;
				DEFINES_MODULE = YES;
				DEVELOPMENT_TEAM = RE82W8HD52;
				DYLIB_COMPATIBILITY_VERSION = 1;
				DYLIB_CURRENT_VERSION = 1;
				DYLIB_INSTALL_NAME_BASE = "@rpath";
				INFOPLIST_FILE = Liquid/Info.plist;
				INSTALL_PATH = "$(LOCAL_LIBRARY_DIR)/Frameworks";
				IPHONEOS_DEPLOYMENT_TARGET = 8.0;
				LD_RUNPATH_SEARCH_PATHS = (
					"$(inherited)",
					"@executable_path/Frameworks",
					"@loader_path/Frameworks",
				);
				MTL_ENABLE_DEBUG_INFO = INCLUDE_SOURCE;
				MTL_FAST_MATH = YES;
				PRODUCT_BUNDLE_IDENTIFIER = alex.Liquid;
				PRODUCT_NAME = "$(TARGET_NAME:c99extidentifier)";
				SKIP_INSTALL = YES;
				SWIFT_VERSION = 5.0;
				TARGETED_DEVICE_FAMILY = "1,2";
				VERSIONING_SYSTEM = "apple-generic";
				VERSION_INFO_PREFIX = "";
			};
			name = Debug;
		};
		FA6203E7216E9CFE002EFE71 /* Release */ = {
			isa = XCBuildConfiguration;
			baseConfigurationReference = 144B96524A9E742684869D47 /* Pods-Liquid.release.xcconfig */;
			buildSettings = {
				CODE_SIGN_IDENTITY = "";
				CODE_SIGN_STYLE = Automatic;
				CURRENT_PROJECT_VERSION = 1;
				DEFINES_MODULE = YES;
				DEVELOPMENT_TEAM = RE82W8HD52;
				DYLIB_COMPATIBILITY_VERSION = 1;
				DYLIB_CURRENT_VERSION = 1;
				DYLIB_INSTALL_NAME_BASE = "@rpath";
				INFOPLIST_FILE = Liquid/Info.plist;
				INSTALL_PATH = "$(LOCAL_LIBRARY_DIR)/Frameworks";
				IPHONEOS_DEPLOYMENT_TARGET = 8.0;
				LD_RUNPATH_SEARCH_PATHS = (
					"$(inherited)",
					"@executable_path/Frameworks",
					"@loader_path/Frameworks",
				);
				MTL_FAST_MATH = YES;
				PRODUCT_BUNDLE_IDENTIFIER = alex.Liquid;
				PRODUCT_NAME = "$(TARGET_NAME:c99extidentifier)";
				SKIP_INSTALL = YES;
				SWIFT_VERSION = 5.0;
				TARGETED_DEVICE_FAMILY = "1,2";
				VERSIONING_SYSTEM = "apple-generic";
				VERSION_INFO_PREFIX = "";
			};
			name = Release;
		};
		FAAE26D2211A1A450047CECD /* Debug */ = {
			isa = XCBuildConfiguration;
			buildSettings = {
				ALWAYS_SEARCH_USER_PATHS = NO;
				CLANG_ANALYZER_NONNULL = YES;
				CLANG_ANALYZER_NUMBER_OBJECT_CONVERSION = YES_AGGRESSIVE;
				CLANG_CXX_LANGUAGE_STANDARD = "gnu++14";
				CLANG_CXX_LIBRARY = "libc++";
				CLANG_ENABLE_MODULES = YES;
				CLANG_ENABLE_OBJC_ARC = YES;
				CLANG_ENABLE_OBJC_WEAK = YES;
				CLANG_WARN_BLOCK_CAPTURE_AUTORELEASING = YES;
				CLANG_WARN_BOOL_CONVERSION = YES;
				CLANG_WARN_COMMA = YES;
				CLANG_WARN_CONSTANT_CONVERSION = YES;
				CLANG_WARN_DEPRECATED_OBJC_IMPLEMENTATIONS = YES;
				CLANG_WARN_DIRECT_OBJC_ISA_USAGE = YES_ERROR;
				CLANG_WARN_DOCUMENTATION_COMMENTS = YES;
				CLANG_WARN_EMPTY_BODY = YES;
				CLANG_WARN_ENUM_CONVERSION = YES;
				CLANG_WARN_INFINITE_RECURSION = YES;
				CLANG_WARN_INT_CONVERSION = YES;
				CLANG_WARN_NON_LITERAL_NULL_CONVERSION = YES;
				CLANG_WARN_OBJC_IMPLICIT_RETAIN_SELF = YES;
				CLANG_WARN_OBJC_LITERAL_CONVERSION = YES;
				CLANG_WARN_OBJC_ROOT_CLASS = YES_ERROR;
				CLANG_WARN_RANGE_LOOP_ANALYSIS = YES;
				CLANG_WARN_STRICT_PROTOTYPES = YES;
				CLANG_WARN_SUSPICIOUS_MOVE = YES;
				CLANG_WARN_UNGUARDED_AVAILABILITY = YES_AGGRESSIVE;
				CLANG_WARN_UNREACHABLE_CODE = YES;
				CLANG_WARN__DUPLICATE_METHOD_MATCH = YES;
				CODE_SIGN_IDENTITY = "iPhone Developer";
				COPY_PHASE_STRIP = NO;
				DEBUG_INFORMATION_FORMAT = dwarf;
				ENABLE_STRICT_OBJC_MSGSEND = YES;
				ENABLE_TESTABILITY = YES;
				GCC_C_LANGUAGE_STANDARD = gnu11;
				GCC_DYNAMIC_NO_PIC = NO;
				GCC_NO_COMMON_BLOCKS = YES;
				GCC_OPTIMIZATION_LEVEL = 0;
				GCC_PREPROCESSOR_DEFINITIONS = (
					"DEBUG=1",
					"$(inherited)",
				);
				GCC_WARN_64_TO_32_BIT_CONVERSION = YES;
				GCC_WARN_ABOUT_RETURN_TYPE = YES_ERROR;
				GCC_WARN_UNDECLARED_SELECTOR = YES;
				GCC_WARN_UNINITIALIZED_AUTOS = YES_AGGRESSIVE;
				GCC_WARN_UNUSED_FUNCTION = YES;
				GCC_WARN_UNUSED_VARIABLE = YES;
				IPHONEOS_DEPLOYMENT_TARGET = 11.4;
				MTL_ENABLE_DEBUG_INFO = YES;
				ONLY_ACTIVE_ARCH = YES;
				SDKROOT = iphoneos;
				SWIFT_ACTIVE_COMPILATION_CONDITIONS = DEBUG;
				SWIFT_OPTIMIZATION_LEVEL = "-Onone";
			};
			name = Debug;
		};
		FAAE26D3211A1A450047CECD /* Release */ = {
			isa = XCBuildConfiguration;
			buildSettings = {
				ALWAYS_SEARCH_USER_PATHS = NO;
				CLANG_ANALYZER_NONNULL = YES;
				CLANG_ANALYZER_NUMBER_OBJECT_CONVERSION = YES_AGGRESSIVE;
				CLANG_CXX_LANGUAGE_STANDARD = "gnu++14";
				CLANG_CXX_LIBRARY = "libc++";
				CLANG_ENABLE_MODULES = YES;
				CLANG_ENABLE_OBJC_ARC = YES;
				CLANG_ENABLE_OBJC_WEAK = YES;
				CLANG_WARN_BLOCK_CAPTURE_AUTORELEASING = YES;
				CLANG_WARN_BOOL_CONVERSION = YES;
				CLANG_WARN_COMMA = YES;
				CLANG_WARN_CONSTANT_CONVERSION = YES;
				CLANG_WARN_DEPRECATED_OBJC_IMPLEMENTATIONS = YES;
				CLANG_WARN_DIRECT_OBJC_ISA_USAGE = YES_ERROR;
				CLANG_WARN_DOCUMENTATION_COMMENTS = YES;
				CLANG_WARN_EMPTY_BODY = YES;
				CLANG_WARN_ENUM_CONVERSION = YES;
				CLANG_WARN_INFINITE_RECURSION = YES;
				CLANG_WARN_INT_CONVERSION = YES;
				CLANG_WARN_NON_LITERAL_NULL_CONVERSION = YES;
				CLANG_WARN_OBJC_IMPLICIT_RETAIN_SELF = YES;
				CLANG_WARN_OBJC_LITERAL_CONVERSION = YES;
				CLANG_WARN_OBJC_ROOT_CLASS = YES_ERROR;
				CLANG_WARN_RANGE_LOOP_ANALYSIS = YES;
				CLANG_WARN_STRICT_PROTOTYPES = YES;
				CLANG_WARN_SUSPICIOUS_MOVE = YES;
				CLANG_WARN_UNGUARDED_AVAILABILITY = YES_AGGRESSIVE;
				CLANG_WARN_UNREACHABLE_CODE = YES;
				CLANG_WARN__DUPLICATE_METHOD_MATCH = YES;
				CODE_SIGN_IDENTITY = "iPhone Developer";
				COPY_PHASE_STRIP = NO;
				DEBUG_INFORMATION_FORMAT = "dwarf-with-dsym";
				ENABLE_NS_ASSERTIONS = NO;
				ENABLE_STRICT_OBJC_MSGSEND = YES;
				GCC_C_LANGUAGE_STANDARD = gnu11;
				GCC_NO_COMMON_BLOCKS = YES;
				GCC_WARN_64_TO_32_BIT_CONVERSION = YES;
				GCC_WARN_ABOUT_RETURN_TYPE = YES_ERROR;
				GCC_WARN_UNDECLARED_SELECTOR = YES;
				GCC_WARN_UNINITIALIZED_AUTOS = YES_AGGRESSIVE;
				GCC_WARN_UNUSED_FUNCTION = YES;
				GCC_WARN_UNUSED_VARIABLE = YES;
				IPHONEOS_DEPLOYMENT_TARGET = 11.4;
				MTL_ENABLE_DEBUG_INFO = NO;
				SDKROOT = iphoneos;
				SWIFT_COMPILATION_MODE = wholemodule;
				SWIFT_OPTIMIZATION_LEVEL = "-O";
				VALIDATE_PRODUCT = YES;
			};
			name = Release;
		};
		FAAE26D5211A1A450047CECD /* Debug */ = {
			isa = XCBuildConfiguration;
			baseConfigurationReference = 2B670423AA01ED4892D0562E /* Pods-CardsNavigation.debug.xcconfig */;
			buildSettings = {
				ALWAYS_EMBED_SWIFT_STANDARD_LIBRARIES = YES;
				ASSETCATALOG_COMPILER_APPICON_NAME = AppIcon;
				CODE_SIGN_STYLE = Automatic;
				DEVELOPMENT_TEAM = RE82W8HD52;
				INFOPLIST_FILE = CardsNavigation/Info.plist;
				IPHONEOS_DEPLOYMENT_TARGET = 10.0;
				LD_RUNPATH_SEARCH_PATHS = (
					"$(inherited)",
					"@executable_path/Frameworks",
				);
				PRODUCT_BUNDLE_IDENTIFIER = alex.CardsNavigation;
				PRODUCT_NAME = "$(TARGET_NAME)";
				SWIFT_VERSION = 5.0;
				TARGETED_DEVICE_FAMILY = "1,2";
			};
			name = Debug;
		};
		FAAE26D6211A1A450047CECD /* Release */ = {
			isa = XCBuildConfiguration;
			baseConfigurationReference = 3D6F469346988B72D07D59F9 /* Pods-CardsNavigation.release.xcconfig */;
			buildSettings = {
				ALWAYS_EMBED_SWIFT_STANDARD_LIBRARIES = YES;
				ASSETCATALOG_COMPILER_APPICON_NAME = AppIcon;
				CODE_SIGN_STYLE = Automatic;
				DEVELOPMENT_TEAM = RE82W8HD52;
				INFOPLIST_FILE = CardsNavigation/Info.plist;
				IPHONEOS_DEPLOYMENT_TARGET = 10.0;
				LD_RUNPATH_SEARCH_PATHS = (
					"$(inherited)",
					"@executable_path/Frameworks",
				);
				PRODUCT_BUNDLE_IDENTIFIER = alex.CardsNavigation;
				PRODUCT_NAME = "$(TARGET_NAME)";
				SWIFT_VERSION = 5.0;
				TARGETED_DEVICE_FAMILY = "1,2";
			};
			name = Release;
		};
		FAC2F6F621558F47003B3E0A /* Debug */ = {
			isa = XCBuildConfiguration;
			baseConfigurationReference = 894EF4EAF8819DE24BABAB0B /* Pods-Voronoi.debug.xcconfig */;
			buildSettings = {
				CLANG_ENABLE_MODULES = YES;
				CODE_SIGN_IDENTITY = "";
				CODE_SIGN_STYLE = Automatic;
				CURRENT_PROJECT_VERSION = 1;
				DEFINES_MODULE = YES;
				DEVELOPMENT_TEAM = RE82W8HD52;
				DYLIB_COMPATIBILITY_VERSION = 1;
				DYLIB_CURRENT_VERSION = 1;
				DYLIB_INSTALL_NAME_BASE = "@rpath";
				INFOPLIST_FILE = Voronoi/Info.plist;
				INSTALL_PATH = "$(LOCAL_LIBRARY_DIR)/Frameworks";
				IPHONEOS_DEPLOYMENT_TARGET = 8.0;
				LD_RUNPATH_SEARCH_PATHS = (
					"$(inherited)",
					"@executable_path/Frameworks",
					"@loader_path/Frameworks",
				);
				PRODUCT_BUNDLE_IDENTIFIER = alex.Voronoi;
				PRODUCT_NAME = "$(TARGET_NAME:c99extidentifier)";
				SKIP_INSTALL = YES;
				SWIFT_OPTIMIZATION_LEVEL = "-Onone";
				SWIFT_VERSION = 5.0;
				TARGETED_DEVICE_FAMILY = "1,2";
				VERSIONING_SYSTEM = "apple-generic";
				VERSION_INFO_PREFIX = "";
			};
			name = Debug;
		};
		FAC2F6F721558F47003B3E0A /* Release */ = {
			isa = XCBuildConfiguration;
			baseConfigurationReference = BE1E30572995360ED8BA65D8 /* Pods-Voronoi.release.xcconfig */;
			buildSettings = {
				CLANG_ENABLE_MODULES = YES;
				CODE_SIGN_IDENTITY = "";
				CODE_SIGN_STYLE = Automatic;
				CURRENT_PROJECT_VERSION = 1;
				DEFINES_MODULE = YES;
				DEVELOPMENT_TEAM = RE82W8HD52;
				DYLIB_COMPATIBILITY_VERSION = 1;
				DYLIB_CURRENT_VERSION = 1;
				DYLIB_INSTALL_NAME_BASE = "@rpath";
				INFOPLIST_FILE = Voronoi/Info.plist;
				INSTALL_PATH = "$(LOCAL_LIBRARY_DIR)/Frameworks";
				IPHONEOS_DEPLOYMENT_TARGET = 8.0;
				LD_RUNPATH_SEARCH_PATHS = (
					"$(inherited)",
					"@executable_path/Frameworks",
					"@loader_path/Frameworks",
				);
				PRODUCT_BUNDLE_IDENTIFIER = alex.Voronoi;
				PRODUCT_NAME = "$(TARGET_NAME:c99extidentifier)";
				SKIP_INSTALL = YES;
				SWIFT_VERSION = 5.0;
				TARGETED_DEVICE_FAMILY = "1,2";
				VERSIONING_SYSTEM = "apple-generic";
				VERSION_INFO_PREFIX = "";
			};
			name = Release;
		};
/* End XCBuildConfiguration section */

/* Begin XCConfigurationList section */
		FA2B7517218AEA430065845C /* Build configuration list for PBXNativeTarget "LiquidTransitionTests" */ = {
			isa = XCConfigurationList;
			buildConfigurations = (
				FA2B7518218AEA430065845C /* Debug */,
				FA2B7519218AEA430065845C /* Release */,
			);
			defaultConfigurationIsVisible = 0;
			defaultConfigurationName = Release;
		};
		FA6203E8216E9CFE002EFE71 /* Build configuration list for PBXNativeTarget "Liquid" */ = {
			isa = XCConfigurationList;
			buildConfigurations = (
				FA6203E6216E9CFE002EFE71 /* Debug */,
				FA6203E7216E9CFE002EFE71 /* Release */,
			);
			defaultConfigurationIsVisible = 0;
			defaultConfigurationName = Release;
		};
		FAAE26BD211A1A430047CECD /* Build configuration list for PBXProject "CardsNavigation" */ = {
			isa = XCConfigurationList;
			buildConfigurations = (
				FAAE26D2211A1A450047CECD /* Debug */,
				FAAE26D3211A1A450047CECD /* Release */,
			);
			defaultConfigurationIsVisible = 0;
			defaultConfigurationName = Release;
		};
		FAAE26D4211A1A450047CECD /* Build configuration list for PBXNativeTarget "CardsNavigation" */ = {
			isa = XCConfigurationList;
			buildConfigurations = (
				FAAE26D5211A1A450047CECD /* Debug */,
				FAAE26D6211A1A450047CECD /* Release */,
			);
			defaultConfigurationIsVisible = 0;
			defaultConfigurationName = Release;
		};
		FAC2F6F821558F47003B3E0A /* Build configuration list for PBXNativeTarget "Voronoi" */ = {
			isa = XCConfigurationList;
			buildConfigurations = (
				FAC2F6F621558F47003B3E0A /* Debug */,
				FAC2F6F721558F47003B3E0A /* Release */,
			);
			defaultConfigurationIsVisible = 0;
			defaultConfigurationName = Release;
		};
/* End XCConfigurationList section */
	};
	rootObject = FAAE26BA211A1A430047CECD /* Project object */;
}
